
Microsoft Visual Studio Solution File, Format Version 12.00
# Visual Studio 15
VisualStudioVersion = 15.0.28307.168
MinimumVisualStudioVersion = 10.0.40219.1
Project("{FAE04EC0-301F-11D3-BF4B-00C04F79EFBC}") = "BMS", "BMS\BMS.csproj", "{BC689C87-F44D-4977-B995-A45F22968627}"
EndProject
Global
	GlobalSection(SolutionConfigurationPlatforms) = preSolution
		Debug|Any CPU = Debug|Any CPU
		Release|Any CPU = Release|Any CPU
	EndGlobalSection
	GlobalSection(ProjectConfigurationPlatforms) = postSolution
		{BC689C87-F44D-4977-B995-A45F22968627}.Debug|Any CPU.ActiveCfg = Debug|Any CPU
		{BC689C87-F44D-4977-B995-A45F22968627}.Debug|Any CPU.Build.0 = Debug|Any CPU
		{BC689C87-F44D-4977-B995-A45F22968627}.Release|Any CPU.ActiveCfg = Release|Any CPU
		{BC689C87-F44D-4977-B995-A45F22968627}.Release|Any CPU.Build.0 = Release|Any CPU
	EndGlobalSection
	GlobalSection(SolutionProperties) = preSolution
		HideSolutionNode = FALSE
	EndGlobalSection
	GlobalSection(ExtensibilityGlobals) = postSolution
		SolutionGuid = {F411763C-9923-4FA3-9715-5563A83E9D11}
	EndGlobalSection
EndGlobal
